
Microsoft Visual Studio Solution File, Format Version 12.00
# Visual Studio 15
VisualStudioVersion = 15.0.28307.1267
MinimumVisualStudioVersion = 10.0.40219.1
Project("{FAE04EC0-301F-11D3-BF4B-00C04F79EFBC}") = "ClientChatApp_2016009_MuhamamdArrasyJIskandar", "ClientChatApp_2016009_MuhamamdArrasyJIskandar\ClientChatApp_2016009_MuhamamdArrasyJIskandar.csproj", "{5C0AFF32-52A4-4237-8ECC-7F4D9F94B3B2}"
EndProject
Global
	GlobalSection(SolutionConfigurationPlatforms) = preSolution
		Debug|Any CPU = Debug|Any CPU
		Release|Any CPU = Release|Any CPU
	EndGlobalSection
	GlobalSection(ProjectConfigurationPlatforms) = postSolution
		{5C0AFF32-52A4-4237-8ECC-7F4D9F94B3B2}.Debug|Any CPU.ActiveCfg = Debug|Any CPU
		{5C0AFF32-52A4-4237-8ECC-7F4D9F94B3B2}.Debug|Any CPU.Build.0 = Debug|Any CPU
		{5C0AFF32-52A4-4237-8ECC-7F4D9F94B3B2}.Release|Any CPU.ActiveCfg = Release|Any CPU
		{5C0AFF32-52A4-4237-8ECC-7F4D9F94B3B2}.Release|Any CPU.Build.0 = Release|Any CPU
	EndGlobalSection
	GlobalSection(SolutionProperties) = preSolution
		HideSolutionNode = FALSE
	EndGlobalSection
	GlobalSection(ExtensibilityGlobals) = postSolution
		SolutionGuid = {0B403848-8DA9-4DA5-995F-49A3A17ED07F}
	EndGlobalSection
EndGlobal
